
Microsoft Visual Studio Solution File, Format Version 12.00
# Visual Studio Version 17
VisualStudioVersion = 17.9.34607.119
MinimumVisualStudioVersion = 10.0.40219.1
Project("{9A19103F-16F7-4668-BE54-9A1E7A4F7556}") = "A-Zip", "A-Zip\A-Zip.csproj", "{43527425-8C44-43D9-B6E5-2C64BBEC1AAD}"
EndProject
Project("{9A19103F-16F7-4668-BE54-9A1E7A4F7556}") = "A-Zip.Core", "A-Zip.Core\A-Zip.Core.csproj", "{1D16D46B-4CAD-43B1-AF56-4AB9A2A000FE}"
EndProject
Project("{9A19103F-16F7-4668-BE54-9A1E7A4F7556}") = "Aexra.Codebase", "Aexra.Codebase\Aexra.Codebase\Aexra.Codebase.csproj", "{2262DDA0-7B6E-4EF6-B82A-B0C21E2C1342}"
EndProject
Global
	GlobalSection(SolutionConfigurationPlatforms) = preSolution
		Debug|Any CPU = Debug|Any CPU
		Debug|arm64 = Debug|arm64
		Debug|x64 = Debug|x64
		Debug|x86 = Debug|x86
		Release|Any CPU = Release|Any CPU
		Release|arm64 = Release|arm64
		Release|x64 = Release|x64
		Release|x86 = Release|x86
	EndGlobalSection
	GlobalSection(ProjectConfigurationPlatforms) = postSolution
		{43527425-8C44-43D9-B6E5-2C64BBEC1AAD}.Debug|Any CPU.ActiveCfg = Debug|x64
		{43527425-8C44-43D9-B6E5-2C64BBEC1AAD}.Debug|Any CPU.Build.0 = Debug|x64
		{43527425-8C44-43D9-B6E5-2C64BBEC1AAD}.Debug|Any CPU.Deploy.0 = Debug|x64
		{43527425-8C44-43D9-B6E5-2C64BBEC1AAD}.Debug|arm64.ActiveCfg = Debug|arm64
		{43527425-8C44-43D9-B6E5-2C64BBEC1AAD}.Debug|arm64.Build.0 = Debug|arm64
		{43527425-8C44-43D9-B6E5-2C64BBEC1AAD}.Debug|arm64.Deploy.0 = Debug|arm64
		{43527425-8C44-43D9-B6E5-2C64BBEC1AAD}.Debug|x64.ActiveCfg = Debug|x64
		{43527425-8C44-43D9-B6E5-2C64BBEC1AAD}.Debug|x64.Build.0 = Debug|x64
		{43527425-8C44-43D9-B6E5-2C64BBEC1AAD}.Debug|x64.Deploy.0 = Debug|x64
		{43527425-8C44-43D9-B6E5-2C64BBEC1AAD}.Debug|x86.ActiveCfg = Debug|x86
		{43527425-8C44-43D9-B6E5-2C64BBEC1AAD}.Debug|x86.Build.0 = Debug|x86
		{43527425-8C44-43D9-B6E5-2C64BBEC1AAD}.Debug|x86.Deploy.0 = Debug|x86
		{43527425-8C44-43D9-B6E5-2C64BBEC1AAD}.Release|Any CPU.ActiveCfg = Release|x64
		{43527425-8C44-43D9-B6E5-2C64BBEC1AAD}.Release|Any CPU.Build.0 = Release|x64
		{43527425-8C44-43D9-B6E5-2C64BBEC1AAD}.Release|Any CPU.Deploy.0 = Release|x64
		{43527425-8C44-43D9-B6E5-2C64BBEC1AAD}.Release|arm64.ActiveCfg = Release|arm64
		{43527425-8C44-43D9-B6E5-2C64BBEC1AAD}.Release|arm64.Build.0 = Release|arm64
		{43527425-8C44-43D9-B6E5-2C64BBEC1AAD}.Release|arm64.Deploy.0 = Release|arm64
		{43527425-8C44-43D9-B6E5-2C64BBEC1AAD}.Release|x64.ActiveCfg = Release|x64
		{43527425-8C44-43D9-B6E5-2C64BBEC1AAD}.Release|x64.Build.0 = Release|x64
		{43527425-8C44-43D9-B6E5-2C64BBEC1AAD}.Release|x64.Deploy.0 = Release|x64
		{43527425-8C44-43D9-B6E5-2C64BBEC1AAD}.Release|x86.ActiveCfg = Release|x86
		{43527425-8C44-43D9-B6E5-2C64BBEC1AAD}.Release|x86.Build.0 = Release|x86
		{43527425-8C44-43D9-B6E5-2C64BBEC1AAD}.Release|x86.Deploy.0 = Release|x86
		{1D16D46B-4CAD-43B1-AF56-4AB9A2A000FE}.Debug|Any CPU.ActiveCfg = Debug|Any CPU
		{1D16D46B-4CAD-43B1-AF56-4AB9A2A000FE}.Debug|Any CPU.Build.0 = Debug|Any CPU
		{1D16D46B-4CAD-43B1-AF56-4AB9A2A000FE}.Debug|arm64.ActiveCfg = Debug|arm64
		{1D16D46B-4CAD-43B1-AF56-4AB9A2A000FE}.Debug|arm64.Build.0 = Debug|arm64
		{1D16D46B-4CAD-43B1-AF56-4AB9A2A000FE}.Debug|x64.ActiveCfg = Debug|x64
		{1D16D46B-4CAD-43B1-AF56-4AB9A2A000FE}.Debug|x64.Build.0 = Debug|x64
		{1D16D46B-4CAD-43B1-AF56-4AB9A2A000FE}.Debug|x86.ActiveCfg = Debug|x86
		{1D16D46B-4CAD-43B1-AF56-4AB9A2A000FE}.Debug|x86.Build.0 = Debug|x86
		{1D16D46B-4CAD-43B1-AF56-4AB9A2A000FE}.Release|Any CPU.ActiveCfg = Release|Any CPU
		{1D16D46B-4CAD-43B1-AF56-4AB9A2A000FE}.Release|Any CPU.Build.0 = Release|Any CPU
		{1D16D46B-4CAD-43B1-AF56-4AB9A2A000FE}.Release|arm64.ActiveCfg = Release|arm64
		{1D16D46B-4CAD-43B1-AF56-4AB9A2A000FE}.Release|arm64.Build.0 = Release|arm64
		{1D16D46B-4CAD-43B1-AF56-4AB9A2A000FE}.Release|x64.ActiveCfg = Release|x64
		{1D16D46B-4CAD-43B1-AF56-4AB9A2A000FE}.Release|x64.Build.0 = Release|x64
		{1D16D46B-4CAD-43B1-AF56-4AB9A2A000FE}.Release|x86.ActiveCfg = Release|x86
		{1D16D46B-4CAD-43B1-AF56-4AB9A2A000FE}.Release|x86.Build.0 = Release|x86
		{2262DDA0-7B6E-4EF6-B82A-B0C21E2C1342}.Debug|Any CPU.ActiveCfg = Debug|Any CPU
		{2262DDA0-7B6E-4EF6-B82A-B0C21E2C1342}.Debug|Any CPU.Build.0 = Debug|Any CPU
		{2262DDA0-7B6E-4EF6-B82A-B0C21E2C1342}.Debug|arm64.ActiveCfg = Debug|Any CPU
		{2262DDA0-7B6E-4EF6-B82A-B0C21E2C1342}.Debug|arm64.Build.0 = Debug|Any CPU
		{2262DDA0-7B6E-4EF6-B82A-B0C21E2C1342}.Debug|x64.ActiveCfg = Debug|Any CPU
		{2262DDA0-7B6E-4EF6-B82A-B0C21E2C1342}.Debug|x64.Build.0 = Debug|Any CPU
		{2262DDA0-7B6E-4EF6-B82A-B0C21E2C1342}.Debug|x86.ActiveCfg = Debug|Any CPU
		{2262DDA0-7B6E-4EF6-B82A-B0C21E2C1342}.Debug|x86.Build.0 = Debug|Any CPU
		{2262DDA0-7B6E-4EF6-B82A-B0C21E2C1342}.Release|Any CPU.ActiveCfg = Release|Any CPU
		{2262DDA0-7B6E-4EF6-B82A-B0C21E2C1342}.Release|Any CPU.Build.0 = Release|Any CPU
		{2262DDA0-7B6E-4EF6-B82A-B0C21E2C1342}.Release|arm64.ActiveCfg = Release|Any CPU
		{2262DDA0-7B6E-4EF6-B82A-B0C21E2C1342}.Release|arm64.Build.0 = Release|Any CPU
		{2262DDA0-7B6E-4EF6-B82A-B0C21E2C1342}.Release|x64.ActiveCfg = Release|Any CPU
		{2262DDA0-7B6E-4EF6-B82A-B0C21E2C1342}.Release|x64.Build.0 = Release|Any CPU
		{2262DDA0-7B6E-4EF6-B82A-B0C21E2C1342}.Release|x86.ActiveCfg = Release|Any CPU
		{2262DDA0-7B6E-4EF6-B82A-B0C21E2C1342}.Release|x86.Build.0 = Release|Any CPU
	EndGlobalSection
	GlobalSection(SolutionProperties) = preSolution
		HideSolutionNode = FALSE
	EndGlobalSection
	GlobalSection(ExtensibilityGlobals) = postSolution
		SolutionGuid = {7F14A85C-1269-44C1-ABC0-EA5D9D357BFB}
	EndGlobalSection
EndGlobal
